
Microsoft Visual Studio Solution File, Format Version 12.00
# Visual Studio 2012
Project("{8BC9CEB8-8B4A-11D0-8D11-00A0C91BC942}") = "TCPServer", "TCPServer\TCPServer.vcxproj", "{18E03F44-E7D8-4421-AF79-24037B3B042E}"
EndProject
Project("{8BC9CEB8-8B4A-11D0-8D11-00A0C91BC942}") = "TCPClient", "TCPClient\TCPClient.vcxproj", "{81B43A39-3A50-46A4-8338-6122F4F5A8FA}"
EndProject
Project("{8BC9CEB8-8B4A-11D0-8D11-00A0C91BC942}") = "UDPClient", "UDPClient\UDPClient.vcxproj", "{FED9E608-AE2F-44A5-AD43-2C2357DA05F8}"
EndProject
Project("{8BC9CEB8-8B4A-11D0-8D11-00A0C91BC942}") = "UDPServer", "UDPServer\UDPServer.vcxproj", "{0BD0939B-BA28-469A-814C-8BE068D294DF}"
EndProject
Project("{8BC9CEB8-8B4A-11D0-8D11-00A0C91BC942}") = "Sidetone", "Sidetone\Sidetone.vcxproj", "{4485E0AE-D9D2-4B2E-9780-513D2D130E77}"
EndProject
Project("{8BC9CEB8-8B4A-11D0-8D11-00A0C91BC942}") = "Audio", "Audio\Audio.vcxproj", "{AFCF20ED-D53C-469F-B47B-060EA5E4DD78}"
EndProject
Global
	GlobalSection(SolutionConfigurationPlatforms) = preSolution
		Debug|Win32 = Debug|Win32
		Release|Win32 = Release|Win32
	EndGlobalSection
	GlobalSection(ProjectConfigurationPlatforms) = postSolution
		{18E03F44-E7D8-4421-AF79-24037B3B042E}.Debug|Win32.ActiveCfg = Release|Win32
		{18E03F44-E7D8-4421-AF79-24037B3B042E}.Debug|Win32.Build.0 = Release|Win32
		{18E03F44-E7D8-4421-AF79-24037B3B042E}.Release|Win32.ActiveCfg = Release|Win32
		{18E03F44-E7D8-4421-AF79-24037B3B042E}.Release|Win32.Build.0 = Release|Win32
		{81B43A39-3A50-46A4-8338-6122F4F5A8FA}.Debug|Win32.ActiveCfg = Release|Win32
		{81B43A39-3A50-46A4-8338-6122F4F5A8FA}.Debug|Win32.Build.0 = Release|Win32
		{81B43A39-3A50-46A4-8338-6122F4F5A8FA}.Release|Win32.ActiveCfg = Release|Win32
		{81B43A39-3A50-46A4-8338-6122F4F5A8FA}.Release|Win32.Build.0 = Release|Win32
		{FED9E608-AE2F-44A5-AD43-2C2357DA05F8}.Debug|Win32.ActiveCfg = Release|Win32
		{FED9E608-AE2F-44A5-AD43-2C2357DA05F8}.Debug|Win32.Build.0 = Release|Win32
		{FED9E608-AE2F-44A5-AD43-2C2357DA05F8}.Release|Win32.ActiveCfg = Release|Win32
		{FED9E608-AE2F-44A5-AD43-2C2357DA05F8}.Release|Win32.Build.0 = Release|Win32
		{0BD0939B-BA28-469A-814C-8BE068D294DF}.Debug|Win32.ActiveCfg = Release|Win32
		{0BD0939B-BA28-469A-814C-8BE068D294DF}.Debug|Win32.Build.0 = Release|Win32
		{0BD0939B-BA28-469A-814C-8BE068D294DF}.Release|Win32.ActiveCfg = Release|Win32
		{0BD0939B-BA28-469A-814C-8BE068D294DF}.Release|Win32.Build.0 = Release|Win32
		{4485E0AE-D9D2-4B2E-9780-513D2D130E77}.Debug|Win32.ActiveCfg = Debug|Win32
		{4485E0AE-D9D2-4B2E-9780-513D2D130E77}.Debug|Win32.Build.0 = Debug|Win32
		{4485E0AE-D9D2-4B2E-9780-513D2D130E77}.Release|Win32.ActiveCfg = Release|Win32
		{4485E0AE-D9D2-4B2E-9780-513D2D130E77}.Release|Win32.Build.0 = Release|Win32
		{AFCF20ED-D53C-469F-B47B-060EA5E4DD78}.Debug|Win32.ActiveCfg = Debug|Win32
		{AFCF20ED-D53C-469F-B47B-060EA5E4DD78}.Debug|Win32.Build.0 = Debug|Win32
		{AFCF20ED-D53C-469F-B47B-060EA5E4DD78}.Release|Win32.ActiveCfg = Release|Win32
		{AFCF20ED-D53C-469F-B47B-060EA5E4DD78}.Release|Win32.Build.0 = Release|Win32
	EndGlobalSection
	GlobalSection(SolutionProperties) = preSolution
		HideSolutionNode = FALSE
	EndGlobalSection
EndGlobal
